
Microsoft Visual Studio Solution File, Format Version 12.00
# Visual Studio Version 17
VisualStudioVersion = 17.9.34728.123
MinimumVisualStudioVersion = 10.0.40219.1
Project("{FAE04EC0-301F-11D3-BF4B-00C04F79EFBC}") = "WebApplication2", "WebApplication2\WebApplication2.csproj", "{FC0EDAF3-8E67-46C7-B27B-01F792237A02}"
EndProject
Global
	GlobalSection(SolutionConfigurationPlatforms) = preSolution
		Debug|Any CPU = Debug|Any CPU
		Release|Any CPU = Release|Any CPU
	EndGlobalSection
	GlobalSection(ProjectConfigurationPlatforms) = postSolution
		{FC0EDAF3-8E67-46C7-B27B-01F792237A02}.Debug|Any CPU.ActiveCfg = Debug|Any CPU
		{FC0EDAF3-8E67-46C7-B27B-01F792237A02}.Debug|Any CPU.Build.0 = Debug|Any CPU
		{FC0EDAF3-8E67-46C7-B27B-01F792237A02}.Release|Any CPU.ActiveCfg = Release|Any CPU
		{FC0EDAF3-8E67-46C7-B27B-01F792237A02}.Release|Any CPU.Build.0 = Release|Any CPU
	EndGlobalSection
	GlobalSection(SolutionProperties) = preSolution
		HideSolutionNode = FALSE
	EndGlobalSection
	GlobalSection(ExtensibilityGlobals) = postSolution
		SolutionGuid = {E57CDBF1-BF34-400F-BEF4-71F6B8814E9B}
	EndGlobalSection
EndGlobal
